
Microsoft Visual Studio Solution File, Format Version 12.00
# Visual Studio Version 16
VisualStudioVersion = 16.0.31605.320
MinimumVisualStudioVersion = 10.0.40219.1
Project("{FAE04EC0-301F-11D3-BF4B-00C04F79EFBC}") = "Assignment_1_Project", "Assignment_1_Project\Assignment_1_Project.csproj", "{DBEF371F-C60D-4F7A-A6E9-FF7E700A879A}"
EndProject
Global
	GlobalSection(SolutionConfigurationPlatforms) = preSolution
		Debug|Any CPU = Debug|Any CPU
		Release|Any CPU = Release|Any CPU
	EndGlobalSection
	GlobalSection(ProjectConfigurationPlatforms) = postSolution
		{DBEF371F-C60D-4F7A-A6E9-FF7E700A879A}.Debug|Any CPU.ActiveCfg = Debug|Any CPU
		{DBEF371F-C60D-4F7A-A6E9-FF7E700A879A}.Debug|Any CPU.Build.0 = Debug|Any CPU
		{DBEF371F-C60D-4F7A-A6E9-FF7E700A879A}.Release|Any CPU.ActiveCfg = Release|Any CPU
		{DBEF371F-C60D-4F7A-A6E9-FF7E700A879A}.Release|Any CPU.Build.0 = Release|Any CPU
	EndGlobalSection
	GlobalSection(SolutionProperties) = preSolution
		HideSolutionNode = FALSE
	EndGlobalSection
	GlobalSection(ExtensibilityGlobals) = postSolution
		SolutionGuid = {F9831534-EC67-46BA-B2CE-A55E617DF6BD}
	EndGlobalSection
EndGlobal
